
Microsoft Visual Studio Solution File, Format Version 12.00
# Visual Studio Version 16
VisualStudioVersion = 16.0.30523.141
MinimumVisualStudioVersion = 10.0.40219.1
Project("{9A19103F-16F7-4668-BE54-9A1E7A4F7556}") = "dotnet-rpg", "dotnet-rpg.csproj", "{4E06C4A1-1933-4242-A3C3-D9ABFBDEB67E}"
EndProject
Global
	GlobalSection(SolutionConfigurationPlatforms) = preSolution
		Debug|Any CPU = Debug|Any CPU
		Release|Any CPU = Release|Any CPU
	EndGlobalSection
	GlobalSection(ProjectConfigurationPlatforms) = postSolution
		{4E06C4A1-1933-4242-A3C3-D9ABFBDEB67E}.Debug|Any CPU.ActiveCfg = Debug|Any CPU
		{4E06C4A1-1933-4242-A3C3-D9ABFBDEB67E}.Debug|Any CPU.Build.0 = Debug|Any CPU
		{4E06C4A1-1933-4242-A3C3-D9ABFBDEB67E}.Release|Any CPU.ActiveCfg = Release|Any CPU
		{4E06C4A1-1933-4242-A3C3-D9ABFBDEB67E}.Release|Any CPU.Build.0 = Release|Any CPU
	EndGlobalSection
	GlobalSection(SolutionProperties) = preSolution
		HideSolutionNode = FALSE
	EndGlobalSection
	GlobalSection(ExtensibilityGlobals) = postSolution
		SolutionGuid = {3D0009D5-0979-40C7-A729-32D70469BED5}
	EndGlobalSection
EndGlobal
